
Microsoft Visual Studio Solution File, Format Version 12.00
# Visual Studio Version 17
VisualStudioVersion = 17.9.34607.119
MinimumVisualStudioVersion = 10.0.40219.1
Project("{8BC9CEB8-8B4A-11D0-8D11-00A0C91BC942}") = "GameMarket-Server", "GameMarket-Server.vcxproj", "{AF99A9FD-B571-49E2-A10D-5FEFB4A8571D}"
EndProject
Global
	GlobalSection(SolutionConfigurationPlatforms) = preSolution
		Debug|x64 = Debug|x64
		Debug|x86 = Debug|x86
		Release|x64 = Release|x64
		Release|x86 = Release|x86
	EndGlobalSection
	GlobalSection(ProjectConfigurationPlatforms) = postSolution
		{AF99A9FD-B571-49E2-A10D-5FEFB4A8571D}.Debug|x64.ActiveCfg = Debug|x64
		{AF99A9FD-B571-49E2-A10D-5FEFB4A8571D}.Debug|x64.Build.0 = Debug|x64
		{AF99A9FD-B571-49E2-A10D-5FEFB4A8571D}.Debug|x86.ActiveCfg = Debug|Win32
		{AF99A9FD-B571-49E2-A10D-5FEFB4A8571D}.Debug|x86.Build.0 = Debug|Win32
		{AF99A9FD-B571-49E2-A10D-5FEFB4A8571D}.Release|x64.ActiveCfg = Release|x64
		{AF99A9FD-B571-49E2-A10D-5FEFB4A8571D}.Release|x64.Build.0 = Release|x64
		{AF99A9FD-B571-49E2-A10D-5FEFB4A8571D}.Release|x86.ActiveCfg = Release|Win32
		{AF99A9FD-B571-49E2-A10D-5FEFB4A8571D}.Release|x86.Build.0 = Release|Win32
	EndGlobalSection
	GlobalSection(SolutionProperties) = preSolution
		HideSolutionNode = FALSE
	EndGlobalSection
	GlobalSection(ExtensibilityGlobals) = postSolution
		SolutionGuid = {B70D57FE-A632-47B0-BBB7-154156137D9D}
	EndGlobalSection
EndGlobal
